<?xml version="1.0" encoding="utf-8"?>
<Project ToolsVersion="4.0" xmlns="http://schemas.microsoft.com/developer/msbuild/2003">
  <ItemGroup>
    <Filter Include="Source Files">
      <UniqueIdentifier>{4FC737F1-C7A5-4376-A066-2A32D752A2FF}</UniqueIdentifier>
      <Extensions>cpp;c;cc;cxx;def;odl;idl;hpj;bat;asm;asmx</Extensions>
    </Filter>
    <Filter Include="Header Files">
      <UniqueIdentifier>{93995380-89BD-4b04-88EB-625FBE52EBFB}</UniqueIdentifier>
      <Extensions>h;hh;hpp;hxx;hm;inl;inc;ipp;xsd</Extensions>
    </Filter>
    <Filter Include="Resource Files">
      <UniqueIdentifier>{67DA6AB6-F800-4c08-8B7A-83BB121AAD01}</UniqueIdentifier>
      <Extensions>rc;ico;cur;bmp;dlg;rc2;rct;bin;rgs;gif;jpg;jpeg;jpe;resx;tiff;tif;png;wav;mfcribbon-ms</Extensions>
    </Filter>
  </ItemGroup>
  <ItemGroup>
    <ClInclude Include="Researcher.h">
      <Filter>Source Files</Filter>
    </ClInclude>
    <ClInclude Include="visit.h">
      <Filter>Source Files</Filter>
    </ClInclude>
    <ClInclude Include="patient.h">
      <Filter>Source Files</Filter>
    </ClInclude>
    <ClInclude Include="Research_Institute.h">
      <Filter>Source Files</Filter>
    </ClInclude>
    <ClInclude Include="doctor.h">
      <Filter>Source Files</Filter>
    </ClInclude>
    <ClInclude Include="Article.h">
      <Filter>Source Files</Filter>
    </ClInclude>
    <ClInclude Include="Date.h">
      <Filter>Source Files</Filter>
    </ClInclude>
    <ClInclude Include="department.h">
      <Filter>Source Files</Filter>
    </ClInclude>
    <ClInclude Include="hospital.h">
      <Filter>Source Files</Filter>
    </ClInclude>
    <ClInclude Include="Nurse.h">
      <Filter>Source Files</Filter>
    </ClInclude>
    <ClInclude Include="Interface.h">
      <Filter>Source Files</Filter>
    </ClInclude>
    <ClInclude Include="StaffMember.h">
      <Filter>Source Files</Filter>
    </ClInclude>
    <ClInclude Include="Surgeon.h">
      <Filter>Source Files</Filter>
    </ClInclude>
    <ClInclude Include="DoctorResearcher.h">
      <Filter>Source Files</Filter>
    </ClInclude>
    <ClInclude Include="SurgeonResearcher.h">
      <Filter>Source Files</Filter>
    </ClInclude>
    <ClInclude Include="SurgeryVisit.h">
      <Filter>Source Files</Filter>
    </ClInclude>
    <ClInclude Include="TestsVisit.h">
      <Filter>Source Files</Filter>
    </ClInclude>
  </ItemGroup>
  <ItemGroup>
    <ClCompile Include="Researcher.cpp">
      <Filter>Source Files</Filter>
    </ClCompile>
    <ClCompile Include="visit.cpp">
      <Filter>Source Files</Filter>
    </ClCompile>
    <ClCompile Include="patient.cpp">
      <Filter>Source Files</Filter>
    </ClCompile>
    <ClCompile Include="Research_Institute.cpp">
      <Filter>Source Files</Filter>
    </ClCompile>
    <ClCompile Include="doctor.cpp">
      <Filter>Source Files</Filter>
    </ClCompile>
    <ClCompile Include="hospital.cpp">
      <Filter>Source Files</Filter>
    </ClCompile>
    <ClCompile Include="Article.cpp">
      <Filter>Source Files</Filter>
    </ClCompile>
    <ClCompile Include="Date.cpp">
      <Filter>Source Files</Filter>
    </ClCompile>
    <ClCompile Include="department.cpp">
      <Filter>Source Files</Filter>
    </ClCompile>
    <ClCompile Include="Nurse.cpp">
      <Filter>Source Files</Filter>
    </ClCompile>
    <ClCompile Include="Interface.cpp">
      <Filter>Source Files</Filter>
    </ClCompile>
    <ClCompile Include="StaffMember.cpp">
      <Filter>Source Files</Filter>
    </ClCompile>
    <ClCompile Include="Surgeon.cpp">
      <Filter>Source Files</Filter>
    </ClCompile>
    <ClCompile Include="DoctorResearcher.cpp">
      <Filter>Source Files</Filter>
    </ClCompile>
    <ClCompile Include="SurgeonResearcher.cpp">
      <Filter>Source Files</Filter>
    </ClCompile>
    <ClCompile Include="SurgeryVisit.cpp">
      <Filter>Source Files</Filter>
    </ClCompile>
    <ClCompile Include="TestsVisit.cpp">
      <Filter>Source Files</Filter>
    </ClCompile>
    <ClCompile Include="main-temp.cpp">
      <Filter>Source Files</Filter>
    </ClCompile>
    <ClCompile Include="main.cpp">
      <Filter>Source Files</Filter>
    </ClCompile>
  </ItemGroup>
</Project>